# This file is automatically @generated by Poetry 1.7.1 and should not be changed by hand.

[[package]]
name = "dramatiq"
version = "1.15.0"
description = "Background Processing for Python 3."
optional = false
python-versions = ">=3.7"
files = [
    {file = "dramatiq-1.15.0-py3-none-any.whl", hash = "sha256:74fea420b46d8a2c8e59e4a89e21c31ca565fd13759ecf218cb1e17fe26fb6fc"},
    {file = "dramatiq-1.15.0.tar.gz", hash = "sha256:b220e93d7ab980a573267c824fa99eb2f1fdc711aa48b0810b89bfa49b868280"},
]

[package.dependencies]
prometheus-client = ">=0.2"

[package.extras]
all = ["gevent (>=1.1)", "pika (>=1.0,<2.0)", "pylibmc (>=1.5,<2.0)", "redis (>=2.0,<6.0)", "watchdog", "watchdog-gevent"]
dev = ["alabaster", "bumpversion", "flake8", "flake8-bugbear", "flake8-quotes", "gevent (>=1.1)", "hiredis", "isort", "pika (>=1.0,<2.0)", "pylibmc (>=1.5,<2.0)", "pytest", "pytest-benchmark[histogram]", "pytest-cov", "redis (>=2.0,<6.0)", "sphinx", "sphinxcontrib-napoleon", "tox", "twine", "watchdog", "watchdog-gevent", "wheel"]
gevent = ["gevent (>=1.1)"]
memcached = ["pylibmc (>=1.5,<2.0)"]
rabbitmq = ["pika (>=1.0,<2.0)"]
redis = ["redis (>=2.0,<6.0)"]
watch = ["watchdog", "watchdog-gevent"]

[[package]]
name = "prometheus-client"
version = "0.19.0"
description = "Python client for the Prometheus monitoring system."
optional = false
python-versions = ">=3.8"
files = [
    {file = "prometheus_client-0.19.0-py3-none-any.whl", hash = "sha256:c88b1e6ecf6b41cd8fb5731c7ae919bf66df6ec6fafa555cd6c0e16ca169ae92"},
    {file = "prometheus_client-0.19.0.tar.gz", hash = "sha256:4585b0d1223148c27a225b10dbec5ae9bc4c81a99a3fa80774fa6209935324e1"},
]

[package.extras]
twisted = ["twisted"]

[metadata]
lock-version = "2.0"
python-versions = "^3.10"
content-hash = "e9df09d3ac54138574777150ad8774b914b14e50359267764542aff72c6c50bf"
